
Microsoft Visual Studio Solution File, Format Version 12.00
# Visual Studio Version 17
VisualStudioVersion = 17.0.31903.59
MinimumVisualStudioVersion = 10.0.40219.1
Project("{FAE04EC0-301F-11D3-BF4B-00C04F79EFBC}") = "Magazine.Core", "Magazine.Core\Magazine.Core.csproj", "{D29DA0DD-A084-48AD-A31C-56AEC1333757}"
EndProject
Project("{FAE04EC0-301F-11D3-BF4B-00C04F79EFBC}") = "Magazine.WebApi", "Magazine.WebApi\Magazine.WebApi.csproj", "{6B3C1D16-35A6-468B-8BF4-73B22C779C94}"
EndProject
Project("{FAE04EC0-301F-11D3-BF4B-00C04F79EFBC}") = "Magazine.Tests", "Magazine.Tests\Magazine.Tests.csproj", "{D6B5D6D2-DAA2-4CFF-9089-8995E224232F}"
EndProject
Global
	GlobalSection(SolutionConfigurationPlatforms) = preSolution
		Debug|Any CPU = Debug|Any CPU
		Debug|x64 = Debug|x64
		Debug|x86 = Debug|x86
		Release|Any CPU = Release|Any CPU
		Release|x64 = Release|x64
		Release|x86 = Release|x86
	EndGlobalSection
	GlobalSection(ProjectConfigurationPlatforms) = postSolution
		{D29DA0DD-A084-48AD-A31C-56AEC1333757}.Debug|Any CPU.ActiveCfg = Debug|Any CPU
		{D29DA0DD-A084-48AD-A31C-56AEC1333757}.Debug|Any CPU.Build.0 = Debug|Any CPU
		{D29DA0DD-A084-48AD-A31C-56AEC1333757}.Debug|x64.ActiveCfg = Debug|Any CPU
		{D29DA0DD-A084-48AD-A31C-56AEC1333757}.Debug|x64.Build.0 = Debug|Any CPU
		{D29DA0DD-A084-48AD-A31C-56AEC1333757}.Debug|x86.ActiveCfg = Debug|Any CPU
		{D29DA0DD-A084-48AD-A31C-56AEC1333757}.Debug|x86.Build.0 = Debug|Any CPU
		{D29DA0DD-A084-48AD-A31C-56AEC1333757}.Release|Any CPU.ActiveCfg = Release|Any CPU
		{D29DA0DD-A084-48AD-A31C-56AEC1333757}.Release|Any CPU.Build.0 = Release|Any CPU
		{D29DA0DD-A084-48AD-A31C-56AEC1333757}.Release|x64.ActiveCfg = Release|Any CPU
		{D29DA0DD-A084-48AD-A31C-56AEC1333757}.Release|x64.Build.0 = Release|Any CPU
		{D29DA0DD-A084-48AD-A31C-56AEC1333757}.Release|x86.ActiveCfg = Release|Any CPU
		{D29DA0DD-A084-48AD-A31C-56AEC1333757}.Release|x86.Build.0 = Release|Any CPU
		{6B3C1D16-35A6-468B-8BF4-73B22C779C94}.Debug|Any CPU.ActiveCfg = Debug|Any CPU
		{6B3C1D16-35A6-468B-8BF4-73B22C779C94}.Debug|Any CPU.Build.0 = Debug|Any CPU
		{6B3C1D16-35A6-468B-8BF4-73B22C779C94}.Debug|x64.ActiveCfg = Debug|Any CPU
		{6B3C1D16-35A6-468B-8BF4-73B22C779C94}.Debug|x64.Build.0 = Debug|Any CPU
		{6B3C1D16-35A6-468B-8BF4-73B22C779C94}.Debug|x86.ActiveCfg = Debug|Any CPU
		{6B3C1D16-35A6-468B-8BF4-73B22C779C94}.Debug|x86.Build.0 = Debug|Any CPU
		{6B3C1D16-35A6-468B-8BF4-73B22C779C94}.Release|Any CPU.ActiveCfg = Release|Any CPU
		{6B3C1D16-35A6-468B-8BF4-73B22C779C94}.Release|Any CPU.Build.0 = Release|Any CPU
		{6B3C1D16-35A6-468B-8BF4-73B22C779C94}.Release|x64.ActiveCfg = Release|Any CPU
		{6B3C1D16-35A6-468B-8BF4-73B22C779C94}.Release|x64.Build.0 = Release|Any CPU
		{6B3C1D16-35A6-468B-8BF4-73B22C779C94}.Release|x86.ActiveCfg = Release|Any CPU
		{6B3C1D16-35A6-468B-8BF4-73B22C779C94}.Release|x86.Build.0 = Release|Any CPU
		{D6B5D6D2-DAA2-4CFF-9089-8995E224232F}.Debug|Any CPU.ActiveCfg = Debug|Any CPU
		{D6B5D6D2-DAA2-4CFF-9089-8995E224232F}.Debug|Any CPU.Build.0 = Debug|Any CPU
		{D6B5D6D2-DAA2-4CFF-9089-8995E224232F}.Debug|x64.ActiveCfg = Debug|Any CPU
		{D6B5D6D2-DAA2-4CFF-9089-8995E224232F}.Debug|x64.Build.0 = Debug|Any CPU
		{D6B5D6D2-DAA2-4CFF-9089-8995E224232F}.Debug|x86.ActiveCfg = Debug|Any CPU
		{D6B5D6D2-DAA2-4CFF-9089-8995E224232F}.Debug|x86.Build.0 = Debug|Any CPU
		{D6B5D6D2-DAA2-4CFF-9089-8995E224232F}.Release|Any CPU.ActiveCfg = Release|Any CPU
		{D6B5D6D2-DAA2-4CFF-9089-8995E224232F}.Release|Any CPU.Build.0 = Release|Any CPU
		{D6B5D6D2-DAA2-4CFF-9089-8995E224232F}.Release|x64.ActiveCfg = Release|Any CPU
		{D6B5D6D2-DAA2-4CFF-9089-8995E224232F}.Release|x64.Build.0 = Release|Any CPU
		{D6B5D6D2-DAA2-4CFF-9089-8995E224232F}.Release|x86.ActiveCfg = Release|Any CPU
		{D6B5D6D2-DAA2-4CFF-9089-8995E224232F}.Release|x86.Build.0 = Release|Any CPU
	EndGlobalSection
	GlobalSection(SolutionProperties) = preSolution
		HideSolutionNode = FALSE
	EndGlobalSection
EndGlobal
